
# cargo-vet imports lock

[[publisher.age]]
version = "0.9.2"
when = "2023-06-13"
user-id = 6289
user-login = "str4d"

[[publisher.age-core]]
version = "0.9.0"
when = "2022-10-27"
user-id = 6289
user-login = "str4d"

[[publisher.byteorder]]
version = "1.5.0"
when = "2023-10-06"
user-id = 189
user-login = "BurntSushi"
user-name = "Andrew Gallant"

[[publisher.hashbrown]]
version = "0.14.3"
when = "2023-11-26"
user-id = 2915
user-login = "Amanieu"
user-name = "Amanieu d'Antras"

[[publisher.js-sys]]
version = "0.3.67"
when = "2024-01-12"
user-id = 1
user-login = "alexcrichton"
user-name = "Alex Crichton"

[[publisher.libc]]
version = "0.2.152"
when = "2024-01-07"
user-id = 51017
user-login = "JohnTitor"
user-name = "Yuki Okushi"

[[publisher.memchr]]
version = "2.7.1"
when = "2023-12-28"
user-id = 189
user-login = "BurntSushi"
user-name = "Andrew Gallant"

[[publisher.proc-macro2]]
version = "1.0.78"
when = "2024-01-21"
user-id = 3618
user-login = "dtolnay"
user-name = "David Tolnay"

[[publisher.quote]]
version = "1.0.35"
when = "2024-01-02"
user-id = 3618
user-login = "dtolnay"
user-name = "David Tolnay"

[[publisher.same-file]]
version = "1.0.6"
when = "2020-01-11"
user-id = 189
user-login = "BurntSushi"
user-name = "Andrew Gallant"

[[publisher.scopeguard]]
version = "1.2.0"
when = "2023-07-17"
user-id = 2915
user-login = "Amanieu"
user-name = "Amanieu d'Antras"

[[publisher.serde]]
version = "1.0.196"
when = "2024-01-26"
user-id = 3618
user-login = "dtolnay"
user-name = "David Tolnay"

[[publisher.serde_derive]]
version = "1.0.196"
when = "2024-01-26"
user-id = 3618
user-login = "dtolnay"
user-name = "David Tolnay"

[[publisher.serde_spanned]]
version = "0.6.5"
when = "2023-12-19"
user-id = 6743
user-login = "epage"
user-name = "Ed Page"

[[publisher.smallvec]]
version = "1.13.1"
when = "2024-01-19"
user-id = 2017
user-login = "mbrubeck"
user-name = "Matt Brubeck"

[[publisher.syn]]
version = "1.0.109"
when = "2023-02-24"
user-id = 3618
user-login = "dtolnay"
user-name = "David Tolnay"

[[publisher.syn]]
version = "2.0.48"
when = "2024-01-04"
user-id = 3618
user-login = "dtolnay"
user-name = "David Tolnay"

[[publisher.thiserror]]
version = "1.0.56"
when = "2024-01-02"
user-id = 3618
user-login = "dtolnay"
user-name = "David Tolnay"

[[publisher.thiserror-impl]]
version = "1.0.56"
when = "2024-01-02"
user-id = 3618
user-login = "dtolnay"
user-name = "David Tolnay"

[[publisher.toml_datetime]]
version = "0.6.5"
when = "2023-10-23"
user-id = 6743
user-login = "epage"
user-name = "Ed Page"

[[publisher.unicode-ident]]
version = "1.0.12"
when = "2023-09-13"
user-id = 3618
user-login = "dtolnay"
user-name = "David Tolnay"

[[publisher.walkdir]]
version = "2.4.0"
when = "2023-09-05"
user-id = 189
user-login = "BurntSushi"
user-name = "Andrew Gallant"

[[publisher.wasi]]
version = "0.11.0+wasi-snapshot-preview1"
when = "2022-01-19"
user-id = 1
user-login = "alexcrichton"
user-name = "Alex Crichton"

[[publisher.wasm-bindgen]]
version = "0.2.90"
when = "2024-01-12"
user-id = 1
user-login = "alexcrichton"
user-name = "Alex Crichton"

[[publisher.wasm-bindgen-backend]]
version = "0.2.90"
when = "2024-01-12"
user-id = 1
user-login = "alexcrichton"
user-name = "Alex Crichton"

[[publisher.wasm-bindgen-futures]]
version = "0.4.40"
when = "2024-01-12"
user-id = 1
user-login = "alexcrichton"
user-name = "Alex Crichton"

[[publisher.wasm-bindgen-macro]]
version = "0.2.90"
when = "2024-01-12"
user-id = 1
user-login = "alexcrichton"
user-name = "Alex Crichton"

[[publisher.wasm-bindgen-macro-support]]
version = "0.2.90"
when = "2024-01-12"
user-id = 1
user-login = "alexcrichton"
user-name = "Alex Crichton"

[[publisher.wasm-bindgen-shared]]
version = "0.2.90"
when = "2024-01-12"
user-id = 1
user-login = "alexcrichton"
user-name = "Alex Crichton"

[[publisher.wasm-bindgen-test]]
version = "0.3.40"
when = "2024-01-12"
user-id = 1
user-login = "alexcrichton"
user-name = "Alex Crichton"

[[publisher.wasm-bindgen-test-macro]]
version = "0.3.40"
when = "2024-01-12"
user-id = 1
user-login = "alexcrichton"
user-name = "Alex Crichton"

[[publisher.web-sys]]
version = "0.3.67"
when = "2024-01-12"
user-id = 1
user-login = "alexcrichton"
user-name = "Alex Crichton"

[[publisher.winapi-util]]
version = "0.1.6"
when = "2023-09-20"
user-id = 189
user-login = "BurntSushi"
user-name = "Andrew Gallant"

[[publisher.windows-targets]]
version = "0.48.5"
when = "2023-08-18"
user-id = 64539
user-login = "kennykerr"
user-name = "Kenny Kerr"

[[publisher.windows_aarch64_gnullvm]]
version = "0.48.5"
when = "2023-08-18"
user-id = 64539
user-login = "kennykerr"
user-name = "Kenny Kerr"

[[publisher.windows_x86_64_gnullvm]]
version = "0.48.5"
when = "2023-08-18"
user-id = 64539
user-login = "kennykerr"
user-name = "Kenny Kerr"

[[publisher.winnow]]
version = "0.5.35"
when = "2024-01-26"
user-id = 6743
user-login = "epage"
user-name = "Ed Page"

[[audits.firefox.audits.autocfg]]
who = "Josh Stone <jistone@redhat.com>"
criteria = "safe-to-deploy"
version = "1.1.0"
notes = "All code written or reviewed by Josh Stone."

[[audits.firefox.audits.base64]]
who = "Mike Hommey <mh+mozilla@glandium.org>"
criteria = "safe-to-deploy"
delta = "0.13.0 -> 0.13.1"

[[audits.firefox.audits.bumpalo]]
who = "Bobby Holley <bobbyholley@gmail.com>"
criteria = "safe-to-run"
delta = "3.9.1 -> 3.10.0"
notes = """
Some nontrivial functional changes but certainly meets the no-malware bar of
safe-to-run. If we needed safe-to-deploy for this in m-c I'd ask Nick to re-
certify this version, but we don't, so this is fine for now.
"""

[[audits.firefox.audits.cpufeatures]]
who = "Mike Hommey <mh+mozilla@glandium.org>"
criteria = "safe-to-deploy"
delta = "0.2.2 -> 0.2.4"

[[audits.firefox.audits.crypto-common]]
who = "Mike Hommey <mh+mozilla@glandium.org>"
criteria = "safe-to-deploy"
delta = "0.1.3 -> 0.1.6"

[[audits.firefox.audits.displaydoc]]
who = "Makoto Kato <m_kato@ga2.so-net.ne.jp>"
criteria = "safe-to-deploy"
version = "0.2.3"
notes = """
This crate is convenient macros to implement core::fmt::Display trait.
Although `unsafe` is used for test code to call `libc::abort()`, it has no `unsafe` code in this crate. And there is no file access.
It meets the criteria for safe-to-deploy.
"""

[[audits.firefox.audits.displaydoc]]
who = "Mike Hommey <mh+mozilla@glandium.org>"
criteria = "safe-to-deploy"
delta = "0.2.3 -> 0.2.4"

[[audits.firefox.audits.fluent]]
who = "Zibi Braniecki <zibi@unicode.org>"
criteria = "safe-to-deploy"
version = "0.16.0"

[[audits.firefox.audits.fluent-bundle]]
who = "Zibi Braniecki <zibi@unicode.org>"
criteria = "safe-to-deploy"
version = "0.15.2"

[[audits.firefox.audits.fluent-langneg]]
who = "Zibi Braniecki <zibi@unicode.org>"
criteria = "safe-to-deploy"
version = "0.13.0"

[[audits.firefox.audits.fluent-syntax]]
who = "Zibi Braniecki <zibi@unicode.org>"
criteria = "safe-to-deploy"
version = "0.11.0"

[[audits.firefox.audits.generic-array]]
who = "Mike Hommey <mh+mozilla@glandium.org>"
criteria = "safe-to-deploy"
delta = "0.14.5 -> 0.14.6"

[[audits.firefox.audits.getrandom]]
who = "Mike Hommey <mh+mozilla@glandium.org>"
criteria = "safe-to-deploy"
delta = "0.2.6 -> 0.2.7"

[[audits.firefox.audits.getrandom]]
who = "Mike Hommey <mh+mozilla@glandium.org>"
criteria = "safe-to-deploy"
delta = "0.2.7 -> 0.2.8"

[[audits.firefox.audits.getrandom]]
who = "Yannis Juglaret <yjuglaret@mozilla.com>"
criteria = "safe-to-deploy"
delta = "0.2.8 -> 0.2.9"

[[audits.firefox.audits.getrandom]]
who = "Simon Friedberger <simon@mozilla.com>"
criteria = "safe-to-deploy"
delta = "0.2.10 -> 0.2.11"

[[audits.firefox.audits.intl-memoizer]]
who = "Zibi Braniecki <zibi@unicode.org>"
criteria = "safe-to-deploy"
version = "0.5.1"

[[audits.firefox.audits.intl_pluralrules]]
who = "Zibi Braniecki <zibi@unicode.org>"
criteria = "safe-to-deploy"
version = "7.0.1"

[[audits.firefox.audits.intl_pluralrules]]
who = "Makoto Kato <m_kato@ga2.so-net.ne.jp>"
criteria = "safe-to-deploy"
delta = "7.0.1 -> 7.0.2"

[[audits.firefox.audits.log]]
who = "Mike Hommey <mh+mozilla@glandium.org>"
criteria = "safe-to-deploy"
version = "0.4.17"

[[audits.firefox.audits.nom]]
who = "Mike Hommey <mh+mozilla@glandium.org>"
criteria = "safe-to-deploy"
delta = "7.1.1 -> 7.1.3"

[[audits.firefox.audits.once_cell]]
who = "Mike Hommey <mh+mozilla@glandium.org>"
criteria = "safe-to-deploy"
delta = "1.16.0 -> 1.17.1"

[[audits.firefox.audits.pin-project]]
who = "Mike Hommey <mh+mozilla@glandium.org>"
criteria = "safe-to-run"
delta = "1.0.10 -> 1.0.12"

[[audits.firefox.audits.pin-project-internal]]
who = "Mike Hommey <mh+mozilla@glandium.org>"
criteria = "safe-to-run"
delta = "1.0.10 -> 1.0.12"

[[audits.firefox.audits.ppv-lite86]]
who = "Mike Hommey <mh+mozilla@glandium.org>"
criteria = "safe-to-deploy"
delta = "0.2.16 -> 0.2.17"

[[audits.firefox.audits.rand_core]]
who = "Mike Hommey <mh+mozilla@glandium.org>"
criteria = "safe-to-deploy"
delta = "0.6.3 -> 0.6.4"

[[audits.firefox.audits.redox_syscall]]
who = "Mike Hommey <mh+mozilla@glandium.org>"
criteria = "safe-to-deploy"
delta = "0.2.13 -> 0.2.16"

[[audits.firefox.audits.rustc-hash]]
who = "Bobby Holley <bobbyholley@gmail.com>"
criteria = "safe-to-deploy"
version = "1.1.0"
notes = "Straightforward crate with no unsafe code, does what it says on the tin."

[[audits.firefox.audits.scoped-tls]]
who = "Mike Hommey <mh+mozilla@glandium.org>"
criteria = "safe-to-run"
delta = "1.0.0 -> 1.0.1"

[[audits.firefox.audits.tinystr]]
who = "Zibi Braniecki <zibi@unicode.org>"
criteria = "safe-to-deploy"
version = "0.3.4"

[[audits.firefox.audits.tinystr]]
who = "Zibi Braniecki <zibi@unicode.org>"
criteria = "safe-to-deploy"
version = "0.6.0"

[[audits.firefox.audits.typenum]]
who = "Mike Hommey <mh+mozilla@glandium.org>"
criteria = "safe-to-deploy"
delta = "1.15.0 -> 1.16.0"

[[audits.firefox.audits.unic-langid]]
who = "Zibi Braniecki <zibi@unicode.org>"
criteria = "safe-to-deploy"
version = "0.9.0"

[[audits.firefox.audits.unic-langid-impl]]
who = "Zibi Braniecki <zibi@unicode.org>"
criteria = "safe-to-deploy"
version = "0.9.0"

[[audits.google.audits.equivalent]]
who = "George Burgess IV <gbiv@google.com>"
criteria = "safe-to-deploy"
version = "1.0.1"
aggregated-from = "https://chromium.googlesource.com/chromiumos/third_party/rust_crates/+/refs/heads/main/cargo-vet/audits.toml?format=TEXT"

[[audits.google.audits.proc-macro-error-attr]]
who = "George Burgess IV <gbiv@google.com>"
criteria = "safe-to-deploy"
version = "1.0.4"
aggregated-from = "https://chromium.googlesource.com/chromiumos/third_party/rust_crates/+/refs/heads/main/cargo-vet/audits.toml?format=TEXT"

[[audits.google.audits.version_check]]
who = "George Burgess IV <gbiv@google.com>"
criteria = "safe-to-deploy"
version = "0.9.4"
aggregated-from = "https://chromium.googlesource.com/chromiumos/third_party/rust_crates/+/refs/heads/main/cargo-vet/audits.toml?format=TEXT"

[[audits.isrg.audits.block-buffer]]
who = "David Cook <dcook@divviup.org>"
criteria = "safe-to-deploy"
version = "0.9.0"

[[audits.isrg.audits.getrandom]]
who = "Tim Geoghegan <timg@letsencrypt.org>"
criteria = "safe-to-deploy"
delta = "0.2.9 -> 0.2.10"
notes = "These changes include some new `unsafe` code for the `emscripten` and `psvita` targets, but all it does is call `libc::getentropy`."

[[audits.isrg.audits.getrandom]]
who = "David Cook <dcook@divviup.org>"
criteria = "safe-to-deploy"
delta = "0.2.11 -> 0.2.12"

[[audits.isrg.audits.hmac]]
who = "David Cook <dcook@divviup.org>"
criteria = "safe-to-deploy"
version = "0.12.1"

[[audits.isrg.audits.once_cell]]
who = "David Cook <dcook@divviup.org>"
criteria = "safe-to-deploy"
delta = "1.15.0 -> 1.16.0"
notes = """
Changes to unsafe code in src/lib.rs, src/impl_std.rs, and src/imp_pl.rs are
functionally equivalent, and call unwrap_unchecked() on already-initialized
Options. The new implementation based on critical_section appears to be sound.
"""

[[audits.isrg.audits.once_cell]]
who = "Brandon Pitman <bran@bran.land>"
criteria = "safe-to-deploy"
delta = "1.17.1 -> 1.17.2"

[[audits.isrg.audits.once_cell]]
who = "David Cook <dcook@divviup.org>"
criteria = "safe-to-deploy"
delta = "1.17.2 -> 1.18.0"

[[audits.isrg.audits.once_cell]]
who = "Brandon Pitman <bran@bran.land>"
criteria = "safe-to-deploy"
delta = "1.18.0 -> 1.19.0"

[[audits.isrg.audits.opaque-debug]]
who = "David Cook <dcook@divviup.org>"
criteria = "safe-to-deploy"
version = "0.3.0"

[[audits.isrg.audits.rand_chacha]]
who = "David Cook <dcook@divviup.org>"
criteria = "safe-to-deploy"
version = "0.3.1"

[[audits.isrg.audits.rand_core]]
who = "David Cook <dcook@divviup.org>"
criteria = "safe-to-deploy"
version = "0.6.3"

[[audits.isrg.audits.universal-hash]]
who = "David Cook <dcook@divviup.org>"
criteria = "safe-to-deploy"
version = "0.4.1"

[[audits.isrg.audits.universal-hash]]
who = "David Cook <dcook@divviup.org>"
criteria = "safe-to-deploy"
delta = "0.5.0 -> 0.5.1"

[[audits.mozilla.audits.lazy_static]]
who = "Nika Layzell <nika@thelayzells.com>"
criteria = "safe-to-deploy"
version = "1.4.0"
notes = "I have read over the macros, and audited the unsafe code."
aggregated-from = "https://raw.githubusercontent.com/mozilla/cargo-vet/main/supply-chain/audits.toml"

[[audits.mozilla.audits.log]]
who = "Jan-Erik Rediger <jrediger@mozilla.com>"
criteria = "safe-to-deploy"
delta = "0.4.17 -> 0.4.18"
notes = "One dependency removed, others updated (which we don't rely on), some APIs (which we don't use) changed."
aggregated-from = "https://raw.githubusercontent.com/mozilla/glean/main/supply-chain/audits.toml"

[[audits.mozilla.audits.log]]
who = "Kagami Sascha Rosylight <krosylight@mozilla.com>"
criteria = "safe-to-deploy"
delta = "0.4.18 -> 0.4.20"
notes = "Only cfg attribute and internal macro changes and module refactorings"
aggregated-from = "https://raw.githubusercontent.com/mozilla/glean/main/supply-chain/audits.toml"

[[audits.zcash.audits.aead]]
who = "Daira Hopwood <daira@jacaranda.org>"
criteria = "safe-to-deploy"
delta = "0.4.3 -> 0.5.1"
notes = "Adds an AeadCore::generate_nonce function to generate random nonces, given a CryptoRng."
aggregated-from = "https://raw.githubusercontent.com/zcash/zcash/master/qa/supply-chain/audits.toml"

[[audits.zcash.audits.aead]]
who = "Jack Grigg <jack@electriccoin.co>"
criteria = "safe-to-deploy"
delta = "0.5.1 -> 0.5.2"
aggregated-from = "https://raw.githubusercontent.com/zcash/zcash/master/qa/supply-chain/audits.toml"

[[audits.zcash.audits.bech32]]
who = "Jack Grigg <jack@electriccoin.co>"
criteria = "safe-to-deploy"
delta = "0.8.1 -> 0.9.1"
aggregated-from = "https://raw.githubusercontent.com/zcash/zcash/master/qa/supply-chain/audits.toml"

[[audits.zcash.audits.block-buffer]]
who = "Jack Grigg <jack@electriccoin.co>"
criteria = "safe-to-deploy"
delta = "0.10.3 -> 0.10.4"
notes = "Adds panics to prevent a block size of zero from causing unsoundness."
aggregated-from = "https://raw.githubusercontent.com/zcash/zcash/master/qa/supply-chain/audits.toml"

[[audits.zcash.audits.chacha20poly1305]]
who = "Daira Hopwood <daira@jacaranda.org>"
criteria = "safe-to-deploy"
delta = "0.9.1 -> 0.10.1"
notes = "This mainly adapts to API changes between aead 0.4 and aead 0.5."
aggregated-from = "https://raw.githubusercontent.com/zcash/zcash/master/qa/supply-chain/audits.toml"

[[audits.zcash.audits.cipher]]
who = "Jack Grigg <jack@electriccoin.co>"
criteria = "safe-to-deploy"
delta = "0.4.3 -> 0.4.4"
notes = "Adds panics to prevent a block size of zero from causing unsoundness."
aggregated-from = "https://raw.githubusercontent.com/zcash/zcash/master/qa/supply-chain/audits.toml"

[[audits.zcash.audits.generic-array]]
who = "Sean Bowe <ewillbefull@gmail.com>"
criteria = "safe-to-deploy"
delta = "0.14.6 -> 0.14.7"
aggregated-from = "https://raw.githubusercontent.com/zcash/zcash/master/qa/supply-chain/audits.toml"

[[audits.zcash.audits.poly1305]]
who = "Daira Hopwood <daira@jacaranda.org>"
criteria = "safe-to-deploy"
delta = "0.7.2 -> 0.8.0"
notes = "Changes to unsafe (avx2) code look reasonable."
aggregated-from = "https://raw.githubusercontent.com/zcash/zcash/master/qa/supply-chain/audits.toml"

[[audits.zcash.audits.typenum]]
who = "Jack Grigg <jack@electriccoin.co>"
criteria = "safe-to-deploy"
delta = "1.16.0 -> 1.17.0"
aggregated-from = "https://raw.githubusercontent.com/zcash/zcash/master/qa/supply-chain/audits.toml"

[[audits.zcash.audits.universal-hash]]
who = "Daira Hopwood <daira@jacaranda.org>"
criteria = "safe-to-deploy"
delta = "0.4.1 -> 0.5.0"
notes = "I checked correctness of to_blocks which uses unsafe code in a safe function."
aggregated-from = "https://raw.githubusercontent.com/zcash/zcash/master/qa/supply-chain/audits.toml"

[[audits.zcash.audits.zeroize_derive]]
who = "Jack Grigg <jack@z.cash>"
criteria = "safe-to-deploy"
delta = "1.3.2 -> 1.3.3"
notes = "Removes `T: Drop` bound from `impl<T: Zeroize> Drop for SomeType<T>`. I agree it was unnecessary."
aggregated-from = "https://raw.githubusercontent.com/zcash/zcash/master/qa/supply-chain/audits.toml"

[[audits.zcash.audits.zeroize_derive]]
who = "Sean Bowe <ewillbefull@gmail.com>"
criteria = "safe-to-deploy"
delta = "1.3.3 -> 1.4.1"
aggregated-from = "https://raw.githubusercontent.com/zcash/zcash/master/qa/supply-chain/audits.toml"

[[audits.zcash.audits.zeroize_derive]]
who = "Jack Grigg <jack@electriccoin.co>"
criteria = "safe-to-deploy"
delta = "1.4.1 -> 1.4.2"
aggregated-from = "https://raw.githubusercontent.com/zcash/zcash/master/qa/supply-chain/audits.toml"
